{
  "nodes": {
    "collabora-linux": {
      "flake": false,
      "locked": {
        "lastModified": 1749200861,
        "narHash": "sha256-glQnVDzLW1yRDXl98LdXUjQ+hAri+zP+ll1QrWqQDeQ=",
        "ref": "refs/heads/rockchip-release",
        "rev": "33755850faeb0e53e634390d147cc261a60d2898",
        "shallow": true,
        "type": "git",
        "url": "https://gitlab.collabora.com/hardware-enablement/rockchip-3588/linux.git"
      },
      "original": {
        "shallow": true,
        "type": "git",
        "url": "https://gitlab.collabora.com/hardware-enablement/rockchip-3588/linux.git"
      }
    },
    "collabora-u-boot": {
      "flake": false,
      "locked": {
        "lastModified": 1744217359,
        "narHash": "sha256-QmIsIhHrLGL33sgUqiXCyfWjWL25lGHYivtgJAMvsag=",
        "ref": "rk3588",
        "rev": "cbc9673f77851953e294845549d418ffe2190ef9",
        "shallow": true,
        "type": "git",
        "url": "https://gitlab.collabora.com/hardware-enablement/rockchip-3588/u-boot.git"
      },
      "original": {
        "ref": "rk3588",
        "shallow": true,
        "type": "git",
        "url": "https://gitlab.collabora.com/hardware-enablement/rockchip-3588/u-boot.git"
      }
    },
    "nixos-module-stripper": {
      "inputs": {
        "nixpkgs": [
          "nixpkgs"
        ]
      },
      "locked": {
        "lastModified": 1755304449,
        "narHash": "sha256-p870Q+mn57kOF/rY9TTH2vie6jTt0QCQsJKiJxyjTGI=",
        "owner": "CelestialCrafter",
        "repo": "nixos-module-stripper",
        "rev": "4df732a825d488b58c41c94e616400913ef464ef",
        "type": "github"
      },
      "original": {
        "owner": "CelestialCrafter",
        "repo": "nixos-module-stripper",
        "type": "github"
      }
    },
    "nixpkgs": {
      "locked": {
        "lastModified": 1748460289,
        "narHash": "sha256-7doLyJBzCllvqX4gszYtmZUToxKvMUrg45EUWaUYmBg=",
        "owner": "NixOS",
        "repo": "nixpkgs",
        "rev": "96ec055edbe5ee227f28cdbc3f1ddf1df5965102",
        "type": "github"
      },
      "original": {
        "owner": "NixOS",
        "ref": "nixos-unstable",
        "repo": "nixpkgs",
        "type": "github"
      }
    },
    "root": {
      "inputs": {
        "collabora-linux": "collabora-linux",
        "collabora-u-boot": "collabora-u-boot",
        "nixos-module-stripper": "nixos-module-stripper",
        "nixpkgs": "nixpkgs"
      }
    }
  },
  "root": "root",
  "version": 7
}
